PODS:
  - barcode_scan (0.0.1):
    - Flutter
    - MTBBarcodeScanner
    - SwiftProtobuf
  - Flutter (1.0.0)
  - flutter_keyboard_visibility (0.0.1):
    - Flutter
  - geocoder (0.0.1):
    - Flutter
  - MTBBarcodeScanner (5.0.11)
  - SwiftProtobuf (1.10.2)

DEPENDENCIES:
  - barcode_scan (from `.symlinks/plugins/barcode_scan/ios`)
  - Flutter (from `Flutter`)
  - flutter_keyboard_visibility (from `.symlinks/plugins/flutter_keyboard_visibility/ios`)
  - geocoder (from `.symlinks/plugins/geocoder/ios`)

SPEC REPOS:
  trunk:
    - MTBBarcodeScanner
    - SwiftProtobuf

EXTERNAL SOURCES:
  barcode_scan:
    :path: ".symlinks/plugins/barcode_scan/ios"
  Flutter:
    :path: Flutter
  flutter_keyboard_visibility:
    :path: ".symlinks/plugins/flutter_keyboard_visibility/ios"
  geocoder:
    :path: ".symlinks/plugins/geocoder/ios"

SPEC CHECKSUMS:
  barcode_scan: a5c27959edfafaa0c771905bad0b29d6d39e4479
  Flutter: 0e3d915762c693b495b44d77113d4970485de6ec
  flutter_keyboard_visibility: 0339d06371254c3eb25eeb90ba8d17dca8f9c069
  geocoder: 3cfab70531a0b367e917bafe82df4c30f6d4c45a
  MTBBarcodeScanner: f453b33c4b7dfe545d8c6484ed744d55671788cb
  SwiftProtobuf: bec1ae7d686ff73dd09d79866154f4970b891410

PODFILE CHECKSUM: c34e2287a9ccaa606aeceab922830efb9a6ff69a

COCOAPODS: 1.9.3
